
Microsoft Visual Studio Solution File, Format Version 12.00
# Visual Studio Version 17
VisualStudioVersion = 17.0.32112.339
MinimumVisualStudioVersion = 10.0.40219.1
Project("{8BC9CEB8-8B4A-11D0-8D11-00A0C91BC942}") = "WordleBot", "WordleBot\WordleBot.vcxproj", "{E1A9FD28-5AFC-410F-BAEA-79D64F6C722C}"
EndProject
Global
	GlobalSection(SolutionConfigurationPlatforms) = preSolution
		Debug|ARM64 = Debug|ARM64
		Debug|x64 = Debug|x64
		Debug|x86 = Debug|x86
		MAC|ARM64 = MAC|ARM64
		MAC|x64 = MAC|x64
		MAC|x86 = MAC|x86
		Release|ARM64 = Release|ARM64
		Release|x64 = Release|x64
		Release|x86 = Release|x86
	EndGlobalSection
	GlobalSection(ProjectConfigurationPlatforms) = postSolution
		{E1A9FD28-5AFC-410F-BAEA-79D64F6C722C}.Debug|ARM64.ActiveCfg = Debug|ARM64
		{E1A9FD28-5AFC-410F-BAEA-79D64F6C722C}.Debug|ARM64.Build.0 = Debug|ARM64
		{E1A9FD28-5AFC-410F-BAEA-79D64F6C722C}.Debug|x64.ActiveCfg = Debug|x64
		{E1A9FD28-5AFC-410F-BAEA-79D64F6C722C}.Debug|x64.Build.0 = Debug|x64
		{E1A9FD28-5AFC-410F-BAEA-79D64F6C722C}.Debug|x86.ActiveCfg = Debug|Win32
		{E1A9FD28-5AFC-410F-BAEA-79D64F6C722C}.Debug|x86.Build.0 = Debug|Win32
		{E1A9FD28-5AFC-410F-BAEA-79D64F6C722C}.MAC|ARM64.ActiveCfg = MAC|ARM64
		{E1A9FD28-5AFC-410F-BAEA-79D64F6C722C}.MAC|ARM64.Build.0 = MAC|ARM64
		{E1A9FD28-5AFC-410F-BAEA-79D64F6C722C}.MAC|x64.ActiveCfg = Release|x64
		{E1A9FD28-5AFC-410F-BAEA-79D64F6C722C}.MAC|x64.Build.0 = Release|x64
		{E1A9FD28-5AFC-410F-BAEA-79D64F6C722C}.MAC|x86.ActiveCfg = MAC|Win32
		{E1A9FD28-5AFC-410F-BAEA-79D64F6C722C}.MAC|x86.Build.0 = MAC|Win32
		{E1A9FD28-5AFC-410F-BAEA-79D64F6C722C}.Release|ARM64.ActiveCfg = Release|ARM64
		{E1A9FD28-5AFC-410F-BAEA-79D64F6C722C}.Release|ARM64.Build.0 = Release|ARM64
		{E1A9FD28-5AFC-410F-BAEA-79D64F6C722C}.Release|x64.ActiveCfg = Release|x64
		{E1A9FD28-5AFC-410F-BAEA-79D64F6C722C}.Release|x64.Build.0 = Release|x64
		{E1A9FD28-5AFC-410F-BAEA-79D64F6C722C}.Release|x86.ActiveCfg = Release|Win32
		{E1A9FD28-5AFC-410F-BAEA-79D64F6C722C}.Release|x86.Build.0 = Release|Win32
	EndGlobalSection
	GlobalSection(SolutionProperties) = preSolution
		HideSolutionNode = FALSE
	EndGlobalSection
	GlobalSection(ExtensibilityGlobals) = postSolution
		SolutionGuid = {92CB2EB0-4F6C-4B7E-8E17-F56C0FF1E68D}
	EndGlobalSection
EndGlobal
